github.com/google/uuid v1.6.0 h1:NIvaJDMOsjHA8n1jAhLSgzrAzy1Hgr+hNrb57e+94F0=
github.com/google/uuid v1.6.0/go.mod h1:TIyPZe4MgqvfeYDBFedMoGGpEw/LqOeaOT+nhxU+yHo=
github.com/sqids/sqids-go v0.4.1 h1:eQKYzmAZbLlRwHeHYPF35QhgxwZHLnlmVj9AkIj/rrw=
github.com/sqids/sqids-go v0.4.1/go.mod h1:EMwHuPQgSNFS0A49jESTfIQS+066XQTVhukrzEPScl8=
github.com/wb-go/wbf v0.0.10 h1:5JngcmlzVP0p2FijHTEqXvfyXxSx8iD3GVirR6wxu6c=
github.com/wb-go/wbf v0.0.10/go.mod h1:LZ0h4csvTtaehwsgHGvVnVpcE46O8sSUJRxdQBEYwAM=
